PODS:
  - Flutter (1.0.0)
  - UMCommon (7.2.5):
    - UMDevice
  - UMDevice (1.1.0)
  - umeng_common_sdk (0.0.1):
    - Flutter
    - UMCommon
    - UMDevice

DEPENDENCIES:
  - Flutter (from `Flutter`)
  - umeng_common_sdk (from `.symlinks/plugins/umeng_common_sdk/ios`)

SPEC REPOS:
  trunk:
    - UMCommon
    - UMDevice

EXTERNAL SOURCES:
  Flutter:
    :path: Flutter
  umeng_common_sdk:
    :path: ".symlinks/plugins/umeng_common_sdk/ios"

SPEC CHECKSUMS:
  Flutter: 0e3d915762c693b495b44d77113d4970485de6ec
  UMCommon: b5aabdb9fad44330ff8738d9bc46ebf93db14bf2
  UMDevice: 28d21a568c8e8322e5a03bbd53b138d0c098d3b3
  umeng_common_sdk: 4aa5dd52071b03158e09d47f7562c68e593174cd

PODFILE CHECKSUM: bbc7b3ec68d596764e4bd0df628675d976284a00

COCOAPODS: 1.10.1
